
Microsoft Visual Studio Solution File, Format Version 12.00
# Visual Studio Version 17
VisualStudioVersion = 17.7.34031.279
MinimumVisualStudioVersion = 10.0.40219.1
Project("{9A19103F-16F7-4668-BE54-9A1E7A4F7556}") = "Spellweaver", "Spellweaver\Spellweaver.csproj", "{107E3FED-4B7A-4D2B-91A8-67F0EECAD1CE}"
	ProjectSection(ProjectDependencies) = postProject
		{7CC03078-5E33-4740-9F23-FF30B1BD3EBC} = {7CC03078-5E33-4740-9F23-FF30B1BD3EBC}
		{D268CAD5-5823-4889-9C20-75750A8C37F4} = {D268CAD5-5823-4889-9C20-75750A8C37F4}
	EndProjectSection
EndProject
Project("{9A19103F-16F7-4668-BE54-9A1E7A4F7556}") = "Spellweaver.Data", "Spellweaver.Data\Spellweaver.Data.csproj", "{D268CAD5-5823-4889-9C20-75750A8C37F4}"
EndProject
Project("{FAE04EC0-301F-11D3-BF4B-00C04F79EFBC}") = "Spellweaver.Services", "Spellweaver.Services\Spellweaver.Services.csproj", "{7CC03078-5E33-4740-9F23-FF30B1BD3EBC}"
EndProject
Global
	GlobalSection(SolutionConfigurationPlatforms) = preSolution
		Debug|Any CPU = Debug|Any CPU
		Release|Any CPU = Release|Any CPU
	EndGlobalSection
	GlobalSection(ProjectConfigurationPlatforms) = postSolution
		{107E3FED-4B7A-4D2B-91A8-67F0EECAD1CE}.Debug|Any CPU.ActiveCfg = Debug|Any CPU
		{107E3FED-4B7A-4D2B-91A8-67F0EECAD1CE}.Debug|Any CPU.Build.0 = Debug|Any CPU
		{107E3FED-4B7A-4D2B-91A8-67F0EECAD1CE}.Release|Any CPU.ActiveCfg = Release|Any CPU
		{107E3FED-4B7A-4D2B-91A8-67F0EECAD1CE}.Release|Any CPU.Build.0 = Release|Any CPU
		{D268CAD5-5823-4889-9C20-75750A8C37F4}.Debug|Any CPU.ActiveCfg = Debug|Any CPU
		{D268CAD5-5823-4889-9C20-75750A8C37F4}.Debug|Any CPU.Build.0 = Debug|Any CPU
		{D268CAD5-5823-4889-9C20-75750A8C37F4}.Release|Any CPU.ActiveCfg = Release|Any CPU
		{D268CAD5-5823-4889-9C20-75750A8C37F4}.Release|Any CPU.Build.0 = Release|Any CPU
		{7CC03078-5E33-4740-9F23-FF30B1BD3EBC}.Debug|Any CPU.ActiveCfg = Debug|Any CPU
		{7CC03078-5E33-4740-9F23-FF30B1BD3EBC}.Debug|Any CPU.Build.0 = Debug|Any CPU
		{7CC03078-5E33-4740-9F23-FF30B1BD3EBC}.Release|Any CPU.ActiveCfg = Release|Any CPU
		{7CC03078-5E33-4740-9F23-FF30B1BD3EBC}.Release|Any CPU.Build.0 = Release|Any CPU
	EndGlobalSection
	GlobalSection(SolutionProperties) = preSolution
		HideSolutionNode = FALSE
	EndGlobalSection
	GlobalSection(ExtensibilityGlobals) = postSolution
		SolutionGuid = {2CBF0A61-AECD-4F83-94E9-658662752747}
	EndGlobalSection
EndGlobal
